# This file is autogenerated, do not edit; changes may be undone by the next 'dep ensure'.


[[projects]]
  digest = "1:76dc72490af7174349349838f2fe118996381b31ea83243812a97e5a0fd5ed55"
  name = "github.com/dgrijalva/jwt-go"
  packages = ["."]
  pruneopts = "UT"
  revision = "06ea1031745cb8b3dab3f6a236daf2b0aa468b7e"
  version = "v3.2.0"

[[projects]]
  branch = "master"
  digest = "1:38f00d85208f9f51e51063b0b90687d72f3ad61a7b6135d3ab6cb21e7b68dff2"
  name = "github.com/gin-contrib/sse"
  packages = ["."]
  pruneopts = "UT"
  revision = "a7658810eb745c2f22927282dea478278103a897"

[[projects]]
  digest = "1:d5083934eb25e45d17f72ffa86cae3814f4a9d6c073c4f16b64147169b245606"
  name = "github.com/gin-gonic/gin"
  packages = [
    ".",
    "binding",
    "json",
    "render",
  ]
  pruneopts = "UT"
  revision = "b869fe1415e4b9eb52f247441830d502aece2d4d"
  version = "v1.3.0"

[[projects]]
  digest = "1:e1ff887e232b2d8f4f7c7db15a5fac7be418025afc4dda53c59c765dbb5aa6b4"
  name = "github.com/go-playground/locales"
  packages = [
    ".",
    "currency",
  ]
  pruneopts = "UT"
  revision = "f63010822830b6fe52288ee52d5a1151088ce039"
  version = "v0.12.1"

[[projects]]
  digest = "1:e022cf244bcac1b6ef933f1a2e0adcf6a6dfd7b872d8d41e4d4179bb09a87cbc"
  name = "github.com/go-playground/universal-translator"
  packages = ["."]
  pruneopts = "UT"
  revision = "b32fa301c9fe55953584134cb6853a13c87ec0a1"
  version = "v0.16.0"

[[projects]]
  digest = "1:718abca23a6d23b21b30197dd2c2bd2ee3ba88081b12caed1edb0d6bb5ef843a"
  name = "github.com/go-playground/validator"
  packages = ["."]
  pruneopts = "UT"
  revision = "774d09c3863ffb2e137ebe4c39ba27648d208f80"
  version = "v9.26.0"

[[projects]]
  digest = "1:41206f4d0410803e64cfb203f665330c3183988408cb532b56305a816a87bd99"
  name = "github.com/go-resty/resty"
  packages = ["."]
  pruneopts = "UT"
  revision = "fa5875c0caa5c260ab78acec5a244215a730247f"
  version = "v1.12.0"

[[projects]]
  digest = "1:97df918963298c287643883209a2c3f642e6593379f97ab400c2a2e219ab647d"
  name = "github.com/golang/protobuf"
  packages = ["proto"]
  pruneopts = "UT"
  revision = "aa810b61a9c79d51363740d207bb46cf8e620ed5"
  version = "v1.2.0"

[[projects]]
  digest = "1:3e551bbb3a7c0ab2a2bf4660e7fcad16db089fdcfbb44b0199e62838038623ea"
  name = "github.com/json-iterator/go"
  packages = ["."]
  pruneopts = "UT"
  revision = "1624edc4454b8682399def8740d46db5e4362ba4"
  version = "v1.1.5"

[[projects]]
  digest = "1:6782ffc812e8e700e6952ede1e60487ff1fd9da489eff762985be662a7cfc431"
  name = "github.com/leodido/go-urn"
  packages = ["."]
  pruneopts = "UT"
  revision = "70078a794e8ea4b497ba7c19a78cd60f90ccf0f4"
  version = "v1.1.0"

[[projects]]
  digest = "1:0981502f9816113c9c8c4ac301583841855c8cf4da8c72f696b3ebedf6d0e4e5"
  name = "github.com/mattn/go-isatty"
  packages = ["."]
  pruneopts = "UT"
  revision = "6ca4dbf54d38eea1a992b3c722a76a5d1c4cb25c"
  version = "v0.0.4"

[[projects]]
  digest = "1:33422d238f147d247752996a26574ac48dcf472976eda7f5134015f06bf16563"
  name = "github.com/modern-go/concurrent"
  packages = ["."]
  pruneopts = "UT"
  revision = "bacd9c7ef1dd9b15be4a9909b8ac7a4e313eec94"
  version = "1.0.3"

[[projects]]
  digest = "1:e32bdbdb7c377a07a9a46378290059822efdce5c8d96fe71940d87cb4f918855"
  name = "github.com/modern-go/reflect2"
  packages = ["."]
  pruneopts = "UT"
  revision = "4b7aa43c6742a2c18fdef89dd197aaae7dac7ccd"
  version = "1.0.1"

[[projects]]
  digest = "1:2e76a73cb51f42d63a2a1a85b3dc5731fd4faf6821b434bd0ef2c099186031d6"
  name = "github.com/rs/xid"
  packages = ["."]
  pruneopts = "UT"
  revision = "15d26544def341f036c5f8dca987a4cbe575032c"
  version = "v1.2.1"

[[projects]]
  digest = "1:4887e9e89c80299aa520d718239809fdd2a47a9aa394909b169959bfbc424ddf"
  name = "github.com/ugorji/go"
  packages = ["codec"]
  pruneopts = "UT"
  revision = "8fd0f8d918c8f0b52d0af210a812ba882cc31a1e"
  version = "v1.1.2"

[[projects]]
  branch = "master"
  digest = "1:770f34cb56ca4bf19758ef270138738980de44030b7a2f05891d3237d9fa95e6"
  name = "golang.org/x/net"
  packages = [
    "idna",
    "publicsuffix",
  ]
  pruneopts = "UT"
  revision = "6772e930b67bb09bf22262c7378e7d2f67cf59d1"

[[projects]]
  branch = "master"
  digest = "1:7c3cf8f9e513ba8a0bd2f2c694646397a45e9d7458e61fabd774abb0f6149372"
  name = "golang.org/x/sys"
  packages = ["unix"]
  pruneopts = "UT"
  revision = "302c3dd5f1cc82baae8e44d9c3178e89b6e2b345"

[[projects]]
  digest = "1:33168e887aff0e3eae823593f38433f28928104925e54a6252937e6e3939f904"
  name = "golang.org/x/text"
  packages = [
    "collate",
    "collate/build",
    "internal/colltab",
    "internal/gen",
    "internal/language",
    "internal/language/compact",
    "internal/tag",
    "internal/triegen",
    "internal/ucd",
    "language",
    "secure/bidirule",
    "transform",
    "unicode/bidi",
    "unicode/cldr",
    "unicode/norm",
    "unicode/rangetable",
  ]
  pruneopts = "UT"
  revision = "75a595aef632b07c6eeaaa805adb6f0f66e4130e"
  version = "v0.3.5"

[[projects]]
  digest = "1:cbc72c4c4886a918d6ab4b95e347ffe259846260f99ebdd8a198c2331cf2b2e9"
  name = "gopkg.in/go-playground/validator.v8"
  packages = ["."]
  pruneopts = "UT"
  revision = "5f1438d3fca68893a817e4a66806cea46a9e4ebf"
  version = "v8.18.2"

[[projects]]
  digest = "1:4d2e5a73dc1500038e504a8d78b986630e3626dc027bc030ba5c75da257cdb96"
  name = "gopkg.in/yaml.v2"
  packages = ["."]
  pruneopts = "UT"
  revision = "51d6538a90f86fe93ac480b35f37b2be17fef232"
  version = "v2.2.2"

[solve-meta]
  analyzer-name = "dep"
  analyzer-version = 1
  input-imports = [
    "github.com/dgrijalva/jwt-go",
    "github.com/gin-gonic/gin",
    "github.com/go-playground/validator",
    "github.com/go-resty/resty",
    "github.com/rs/xid",
  ]
  solver-name = "gps-cdcl"
  solver-version = 1
